// !$*UTF8*$!
{
	archiveVersion = 1;
	classes = {
	};
	objectVersion = 55;
	objects = {

/* Begin PBXBuildFile section */
		E2414A3F2B9D84D2008835C2 /* HomeViewModel.swift in Sources */ = {isa = PBXBuildFile; fileRef = E2414A3E2B9D84D2008835C2 /* HomeViewModel.swift */; };
		E2414A412B9D87E1008835C2 /* Chapter.swift in Sources */ = {isa = PBXBuildFile; fileRef = E2414A402B9D87E1008835C2 /* Chapter.swift */; };
		E2414A442B9D8C6D008835C2 /* commonFunctions.swift in Sources */ = {isa = PBXBuildFile; fileRef = E2414A432B9D8C6D008835C2 /* commonFunctions.swift */; };
		E2414A472B9D91CF008835C2 /* DataMediator.swift in Sources */ = {isa = PBXBuildFile; fileRef = E2414A462B9D91CF008835C2 /* DataMediator.swift */; };
		E25747022B9E9D0200B5D9D6 /* ChapterDetailsViewModel.swift in Sources */ = {isa = PBXBuildFile; fileRef = E25747012B9E9D0200B5D9D6 /* ChapterDetailsViewModel.swift */; };
		E25747042B9E9D8700B5D9D6 /* ChapterDetail.swift in Sources */ = {isa = PBXBuildFile; fileRef = E25747032B9E9D8700B5D9D6 /* ChapterDetail.swift */; };
		E25747072B9EB16600B5D9D6 /* ChapterDeatailHeadingTableViewCell.swift in Sources */ = {isa = PBXBuildFile; fileRef = E25747052B9EB16600B5D9D6 /* ChapterDeatailHeadingTableViewCell.swift */; };
		E25747082B9EB16600B5D9D6 /* ChapterDetailHeadingTableViewCell.xib in Resources */ = {isa = PBXBuildFile; fileRef = E25747062B9EB16600B5D9D6 /* ChapterDetailHeadingTableViewCell.xib */; };
		E257470A2B9EB3C300B5D9D6 /* ChapterDetailPO.swift in Sources */ = {isa = PBXBuildFile; fileRef = E25747092B9EB3C300B5D9D6 /* ChapterDetailPO.swift */; };
		E257470C2B9EE07100B5D9D6 /* VersesListViewController.swift in Sources */ = {isa = PBXBuildFile; fileRef = E257470B2B9EE07100B5D9D6 /* VersesListViewController.swift */; };
		E257470E2B9EE19200B5D9D6 /* VersesListViewModel.swift in Sources */ = {isa = PBXBuildFile; fileRef = E257470D2B9EE19200B5D9D6 /* VersesListViewModel.swift */; };
		E25747102B9EE42100B5D9D6 /* Verse.swift in Sources */ = {isa = PBXBuildFile; fileRef = E257470F2B9EE42100B5D9D6 /* Verse.swift */; };
		E25747132B9EEB6B00B5D9D6 /* VerseHeaderTableViewCell.swift in Sources */ = {isa = PBXBuildFile; fileRef = E25747112B9EEB6B00B5D9D6 /* VerseHeaderTableViewCell.swift */; };
		E25747142B9EEB6B00B5D9D6 /* VerseHeaderTableViewCell.xib in Resources */ = {isa = PBXBuildFile; fileRef = E25747122B9EEB6B00B5D9D6 /* VerseHeaderTableViewCell.xib */; };
		E25747172B9EEB7A00B5D9D6 /* VerseTitleTableViewCell.swift in Sources */ = {isa = PBXBuildFile; fileRef = E25747152B9EEB7A00B5D9D6 /* VerseTitleTableViewCell.swift */; };
		E25747182B9EEB7A00B5D9D6 /* VerseTitleTableViewCell.xib in Resources */ = {isa = PBXBuildFile; fileRef = E25747162B9EEB7A00B5D9D6 /* VerseTitleTableViewCell.xib */; };
		E257471B2B9EEB8600B5D9D6 /* VerseTableViewCell.swift in Sources */ = {isa = PBXBuildFile; fileRef = E25747192B9EEB8600B5D9D6 /* VerseTableViewCell.swift */; };
		E257471C2B9EEB8600B5D9D6 /* VerseTableViewCell.xib in Resources */ = {isa = PBXBuildFile; fileRef = E257471A2B9EEB8600B5D9D6 /* VerseTableViewCell.xib */; };
		E257471E2B9EF07800B5D9D6 /* VersePO.swift in Sources */ = {isa = PBXBuildFile; fileRef = E257471D2B9EF07800B5D9D6 /* VersePO.swift */; };
		E2574C682B9DD9F700739351 /* HomeTableViewCell.swift in Sources */ = {isa = PBXBuildFile; fileRef = E2574C662B9DD9F700739351 /* HomeTableViewCell.swift */; };
		E2574C692B9DD9F700739351 /* HomeTableViewCell.xib in Resources */ = {isa = PBXBuildFile; fileRef = E2574C672B9DD9F700739351 /* HomeTableViewCell.xib */; };
		E2574C6B2B9DDDF600739351 /* Subscript.swift in Sources */ = {isa = PBXBuildFile; fileRef = E2574C6A2B9DDDF600739351 /* Subscript.swift */; };
		E2574C6D2B9DF48800739351 /* ChapterDetailsViewController.swift in Sources */ = {isa = PBXBuildFile; fileRef = E2574C6C2B9DF48800739351 /* ChapterDetailsViewController.swift */; };
		E262318E2BB11F0200F0014F /* GoogleService-Info.plist in Resources */ = {isa = PBXBuildFile; fileRef = E262318D2BB11F0200F0014F /* GoogleService-Info.plist */; };
		E26231912BB11FE900F0014F /* FirebaseAnalytics in Frameworks */ = {isa = PBXBuildFile; productRef = E26231902BB11FE900F0014F /* FirebaseAnalytics */; };
		E26231932BB123D300F0014F /* FirebaseAnalyticsSwift in Frameworks */ = {isa = PBXBuildFile; productRef = E26231922BB123D300F0014F /* FirebaseAnalyticsSwift */; };
		E26231962BB1253500F0014F /* FirebaseAuth in Frameworks */ = {isa = PBXBuildFile; productRef = E26231952BB1253500F0014F /* FirebaseAuth */; };
		E26231992BB1A2AD00F0014F /* Login.storyboard in Resources */ = {isa = PBXBuildFile; fileRef = E26231982BB1A2AD00F0014F /* Login.storyboard */; };
		E262319D2BB1A3D600F0014F /* SignUpViewController.swift in Sources */ = {isa = PBXBuildFile; fileRef = E262319C2BB1A3D600F0014F /* SignUpViewController.swift */; };
		E26231A02BB1BDB300F0014F /* ViewController+Extention.swift in Sources */ = {isa = PBXBuildFile; fileRef = E262319F2BB1BDB300F0014F /* ViewController+Extention.swift */; };
		E26231A22BB1C57E00F0014F /* LoginViewController.swift in Sources */ = {isa = PBXBuildFile; fileRef = E26231A12BB1C57E00F0014F /* LoginViewController.swift */; };
		E297A8962BBAA1FE004CB892 /* Button.swift in Sources */ = {isa = PBXBuildFile; fileRef = E297A8952BBAA1FE004CB892 /* Button.swift */; };
		E297A8982BBAAC8C004CB892 /* AuthViewModel.swift in Sources */ = {isa = PBXBuildFile; fileRef = E297A8972BBAAC8C004CB892 /* AuthViewModel.swift */; };
		E2DC09CA2B9D6745005F42CC /* AppDelegate.swift in Sources */ = {isa = PBXBuildFile; fileRef = E2DC09C92B9D6745005F42CC /* AppDelegate.swift */; };
		E2DC09CC2B9D6745005F42CC /* SceneDelegate.swift in Sources */ = {isa = PBXBuildFile; fileRef = E2DC09CB2B9D6745005F42CC /* SceneDelegate.swift */; };
		E2DC09CE2B9D6745005F42CC /* ViewController.swift in Sources */ = {isa = PBXBuildFile; fileRef = E2DC09CD2B9D6745005F42CC /* ViewController.swift */; };
		E2DC09D12B9D6745005F42CC /* Main.storyboard in Resources */ = {isa = PBXBuildFile; fileRef = E2DC09CF2B9D6745005F42CC /* Main.storyboard */; };
		E2DC09D42B9D6745005F42CC /* Gita.xcdatamodeld in Sources */ = {isa = PBXBuildFile; fileRef = E2DC09D22B9D6745005F42CC /* Gita.xcdatamodeld */; };
		E2DC09D62B9D6746005F42CC /* Assets.xcassets in Resources */ = {isa = PBXBuildFile; fileRef = E2DC09D52B9D6746005F42CC /* Assets.xcassets */; };
		E2DC09D92B9D6746005F42CC /* LaunchScreen.storyboard in Resources */ = {isa = PBXBuildFile; fileRef = E2DC09D72B9D6746005F42CC /* LaunchScreen.storyboard */; };
		E2DC09E42B9D6746005F42CC /* GitaTests.swift in Sources */ = {isa = PBXBuildFile; fileRef = E2DC09E32B9D6746005F42CC /* GitaTests.swift */; };
		E2DC09EE2B9D6746005F42CC /* GitaUITests.swift in Sources */ = {isa = PBXBuildFile; fileRef = E2DC09ED2B9D6746005F42CC /* GitaUITests.swift */; };
		E2DC09F02B9D6746005F42CC /* GitaUITestsLaunchTests.swift in Sources */ = {isa = PBXBuildFile; fileRef = E2DC09EF2B9D6746005F42CC /* GitaUITestsLaunchTests.swift */; };
		E2FE2DCF2BB9646C009501B3 /* TextField.swift in Sources */ = {isa = PBXBuildFile; fileRef = E2FE2DCE2BB9646C009501B3 /* TextField.swift */; };
/* End PBXBuildFile section */

/* Begin PBXContainerItemProxy section */
		E2DC09E02B9D6746005F42CC /* PBXContainerItemProxy */ = {
			isa = PBXContainerItemProxy;
			containerPortal = E2DC09BE2B9D6745005F42CC /* Project object */;
			proxyType = 1;
			remoteGlobalIDString = E2DC09C52B9D6745005F42CC;
			remoteInfo = Gita;
		};
		E2DC09EA2B9D6746005F42CC /* PBXContainerItemProxy */ = {
			isa = PBXContainerItemProxy;
			containerPortal = E2DC09BE2B9D6745005F42CC /* Project object */;
			proxyType = 1;
			remoteGlobalIDString = E2DC09C52B9D6745005F42CC;
			remoteInfo = Gita;
		};
/* End PBXContainerItemProxy section */

/* Begin PBXFileReference section */
		E2414A3E2B9D84D2008835C2 /* HomeViewModel.swift */ = {isa = PBXFileReference; lastKnownFileType = sourcecode.swift; path = HomeViewModel.swift; sourceTree = "<group>"; };
		E2414A402B9D87E1008835C2 /* Chapter.swift */ = {isa = PBXFileReference; lastKnownFileType = sourcecode.swift; path = Chapter.swift; sourceTree = "<group>"; };
		E2414A432B9D8C6D008835C2 /* commonFunctions.swift */ = {isa = PBXFileReference; lastKnownFileType = sourcecode.swift; path = commonFunctions.swift; sourceTree = "<group>"; };
		E2414A462B9D91CF008835C2 /* DataMediator.swift */ = {isa = PBXFileReference; lastKnownFileType = sourcecode.swift; path = DataMediator.swift; sourceTree = "<group>"; };
		E25747012B9E9D0200B5D9D6 /* ChapterDetailsViewModel.swift */ = {isa = PBXFileReference; lastKnownFileType = sourcecode.swift; path = ChapterDetailsViewModel.swift; sourceTree = "<group>"; };
		E25747032B9E9D8700B5D9D6 /* ChapterDetail.swift */ = {isa = PBXFileReference; lastKnownFileType = sourcecode.swift; path = ChapterDetail.swift; sourceTree = "<group>"; };
		E25747052B9EB16600B5D9D6 /* ChapterDeatailHeadingTableViewCell.swift */ = {isa = PBXFileReference; lastKnownFileType = sourcecode.swift; path = ChapterDeatailHeadingTableViewCell.swift; sourceTree = "<group>"; };
		E25747062B9EB16600B5D9D6 /* ChapterDetailHeadingTableViewCell.xib */ = {isa = PBXFileReference; lastKnownFileType = file.xib; path = ChapterDetailHeadingTableViewCell.xib; sourceTree = "<group>"; };
		E25747092B9EB3C300B5D9D6 /* ChapterDetailPO.swift */ = {isa = PBXFileReference; lastKnownFileType = sourcecode.swift; path = ChapterDetailPO.swift; sourceTree = "<group>"; };
		E257470B2B9EE07100B5D9D6 /* VersesListViewController.swift */ = {isa = PBXFileReference; lastKnownFileType = sourcecode.swift; path = VersesListViewController.swift; sourceTree = "<group>"; };
		E257470D2B9EE19200B5D9D6 /* VersesListViewModel.swift */ = {isa = PBXFileReference; lastKnownFileType = sourcecode.swift; path = VersesListViewModel.swift; sourceTree = "<group>"; };
		E257470F2B9EE42100B5D9D6 /* Verse.swift */ = {isa = PBXFileReference; lastKnownFileType = sourcecode.swift; path = Verse.swift; sourceTree = "<group>"; };
		E25747112B9EEB6B00B5D9D6 /* VerseHeaderTableViewCell.swift */ = {isa = PBXFileReference; lastKnownFileType = sourcecode.swift; path = VerseHeaderTableViewCell.swift; sourceTree = "<group>"; };
		E25747122B9EEB6B00B5D9D6 /* VerseHeaderTableViewCell.xib */ = {isa = PBXFileReference; lastKnownFileType = file.xib; path = VerseHeaderTableViewCell.xib; sourceTree = "<group>"; };
		E25747152B9EEB7A00B5D9D6 /* VerseTitleTableViewCell.swift */ = {isa = PBXFileReference; lastKnownFileType = sourcecode.swift; path = VerseTitleTableViewCell.swift; sourceTree = "<group>"; };
		E25747162B9EEB7A00B5D9D6 /* VerseTitleTableViewCell.xib */ = {isa = PBXFileReference; lastKnownFileType = file.xib; path = VerseTitleTableViewCell.xib; sourceTree = "<group>"; };
		E25747192B9EEB8600B5D9D6 /* VerseTableViewCell.swift */ = {isa = PBXFileReference; lastKnownFileType = sourcecode.swift; path = VerseTableViewCell.swift; sourceTree = "<group>"; };
		E257471A2B9EEB8600B5D9D6 /* VerseTableViewCell.xib */ = {isa = PBXFileReference; lastKnownFileType = file.xib; path = VerseTableViewCell.xib; sourceTree = "<group>"; };
		E257471D2B9EF07800B5D9D6 /* VersePO.swift */ = {isa = PBXFileReference; lastKnownFileType = sourcecode.swift; path = VersePO.swift; sourceTree = "<group>"; };
		E2574C662B9DD9F700739351 /* HomeTableViewCell.swift */ = {isa = PBXFileReference; lastKnownFileType = sourcecode.swift; path = HomeTableViewCell.swift; sourceTree = "<group>"; };
		E2574C672B9DD9F700739351 /* HomeTableViewCell.xib */ = {isa = PBXFileReference; lastKnownFileType = file.xib; path = HomeTableViewCell.xib; sourceTree = "<group>"; };
		E2574C6A2B9DDDF600739351 /* Subscript.swift */ = {isa = PBXFileReference; lastKnownFileType = sourcecode.swift; path = Subscript.swift; sourceTree = "<group>"; };
		E2574C6C2B9DF48800739351 /* ChapterDetailsViewController.swift */ = {isa = PBXFileReference; lastKnownFileType = sourcecode.swift; path = ChapterDetailsViewController.swift; sourceTree = "<group>"; };
		E262318D2BB11F0200F0014F /* GoogleService-Info.plist */ = {isa = PBXFileReference; fileEncoding = 4; lastKnownFileType = text.plist.xml; path = "GoogleService-Info.plist"; sourceTree = "<group>"; };
		E26231982BB1A2AD00F0014F /* Login.storyboard */ = {isa = PBXFileReference; lastKnownFileType = file.storyboard; path = Login.storyboard; sourceTree = "<group>"; };
		E262319C2BB1A3D600F0014F /* SignUpViewController.swift */ = {isa = PBXFileReference; lastKnownFileType = sourcecode.swift; path = SignUpViewController.swift; sourceTree = "<group>"; };
		E262319F2BB1BDB300F0014F /* ViewController+Extention.swift */ = {isa = PBXFileReference; lastKnownFileType = sourcecode.swift; path = "ViewController+Extention.swift"; sourceTree = "<group>"; };
		E26231A12BB1C57E00F0014F /* LoginViewController.swift */ = {isa = PBXFileReference; lastKnownFileType = sourcecode.swift; path = LoginViewController.swift; sourceTree = "<group>"; };
		E297A8952BBAA1FE004CB892 /* Button.swift */ = {isa = PBXFileReference; lastKnownFileType = sourcecode.swift; path = Button.swift; sourceTree = "<group>"; };
		E297A8972BBAAC8C004CB892 /* AuthViewModel.swift */ = {isa = PBXFileReference; lastKnownFileType = sourcecode.swift; path = AuthViewModel.swift; sourceTree = "<group>"; };
		E2DC09C62B9D6745005F42CC /* Gita.app */ = {isa = PBXFileReference; explicitFileType = wrapper.application; includeInIndex = 0; path = Gita.app; sourceTree = BUILT_PRODUCTS_DIR; };
		E2DC09C92B9D6745005F42CC /* AppDelegate.swift */ = {isa = PBXFileReference; lastKnownFileType = sourcecode.swift; path = AppDelegate.swift; sourceTree = "<group>"; };
		E2DC09CB2B9D6745005F42CC /* SceneDelegate.swift */ = {isa = PBXFileReference; lastKnownFileType = sourcecode.swift; path = SceneDelegate.swift; sourceTree = "<group>"; };
		E2DC09CD2B9D6745005F42CC /* ViewController.swift */ = {isa = PBXFileReference; lastKnownFileType = sourcecode.swift; path = ViewController.swift; sourceTree = "<group>"; };
		E2DC09D02B9D6745005F42CC /* Base */ = {isa = PBXFileReference; lastKnownFileType = file.storyboard; name = Base; path = Base.lproj/Main.storyboard; sourceTree = "<group>"; };
		E2DC09D32B9D6745005F42CC /* Gita.xcdatamodel */ = {isa = PBXFileReference; lastKnownFileType = wrapper.xcdatamodel; path = Gita.xcdatamodel; sourceTree = "<group>"; };
		E2DC09D52B9D6746005F42CC /* Assets.xcassets */ = {isa = PBXFileReference; lastKnownFileType = folder.assetcatalog; path = Assets.xcassets; sourceTree = "<group>"; };
		E2DC09D82B9D6746005F42CC /* Base */ = {isa = PBXFileReference; lastKnownFileType = file.storyboard; name = Base; path = Base.lproj/LaunchScreen.storyboard; sourceTree = "<group>"; };
		E2DC09DA2B9D6746005F42CC /* Info.plist */ = {isa = PBXFileReference; lastKnownFileType = text.plist.xml; path = Info.plist; sourceTree = "<group>"; };
		E2DC09DF2B9D6746005F42CC /* GitaTests.xctest */ = {isa = PBXFileReference; explicitFileType = wrapper.cfbundle; includeInIndex = 0; path = GitaTests.xctest; sourceTree = BUILT_PRODUCTS_DIR; };
		E2DC09E32B9D6746005F42CC /* GitaTests.swift */ = {isa = PBXFileReference; lastKnownFileType = sourcecode.swift; path = GitaTests.swift; sourceTree = "<group>"; };
		E2DC09E92B9D6746005F42CC /* GitaUITests.xctest */ = {isa = PBXFileReference; explicitFileType = wrapper.cfbundle; includeInIndex = 0; path = GitaUITests.xctest; sourceTree = BUILT_PRODUCTS_DIR; };
		E2DC09ED2B9D6746005F42CC /* GitaUITests.swift */ = {isa = PBXFileReference; lastKnownFileType = sourcecode.swift; path = GitaUITests.swift; sourceTree = "<group>"; };
		E2DC09EF2B9D6746005F42CC /* GitaUITestsLaunchTests.swift */ = {isa = PBXFileReference; lastKnownFileType = sourcecode.swift; path = GitaUITestsLaunchTests.swift; sourceTree = "<group>"; };
		E2FE2DCE2BB9646C009501B3 /* TextField.swift */ = {isa = PBXFileReference; lastKnownFileType = sourcecode.swift; path = TextField.swift; sourceTree = "<group>"; };
/* End PBXFileReference section */

/* Begin PBXFrameworksBuildPhase section */
		E2DC09C32B9D6745005F42CC /* Frameworks */ = {
			isa = PBXFrameworksBuildPhase;
			buildActionMask = 2147483647;
			files = (
				E26231932BB123D300F0014F /* FirebaseAnalyticsSwift in Frameworks */,
				E26231962BB1253500F0014F /* FirebaseAuth in Frameworks */,
				E26231912BB11FE900F0014F /* FirebaseAnalytics in Frameworks */,
			);
			runOnlyForDeploymentPostprocessing = 0;
		};
		E2DC09DC2B9D6746005F42CC /* Frameworks */ = {
			isa = PBXFrameworksBuildPhase;
			buildActionMask = 2147483647;
			files = (
			);
			runOnlyForDeploymentPostprocessing = 0;
		};
		E2DC09E62B9D6746005F42CC /* Frameworks */ = {
			isa = PBXFrameworksBuildPhase;
			buildActionMask = 2147483647;
			files = (
			);
			runOnlyForDeploymentPostprocessing = 0;
		};
/* End PBXFrameworksBuildPhase section */

/* Begin PBXGroup section */
		E22AF6512B9D80AB005EF18C /* Modules */ = {
			isa = PBXGroup;
			children = (
				E26231972BB1A29A00F0014F /* Login */,
				E22AF6522B9D80C6005EF18C /* Home */,
			);
			path = Modules;
			sourceTree = "<group>";
		};
		E22AF6522B9D80C6005EF18C /* Home */ = {
			isa = PBXGroup;
			children = (
				E22AF6562B9D8106005EF18C /* ViewController */,
				E22AF6552B9D80F1005EF18C /* Model */,
				E22AF6542B9D80E0005EF18C /* ViewModel */,
				E22AF6532B9D80D0005EF18C /* View */,
			);
			path = Home;
			sourceTree = "<group>";
		};
		E22AF6532B9D80D0005EF18C /* View */ = {
			isa = PBXGroup;
			children = (
				E2574C652B9DD9DF00739351 /* TableViewCells */,
				E2DC09CF2B9D6745005F42CC /* Main.storyboard */,
			);
			path = View;
			sourceTree = "<group>";
		};
		E22AF6542B9D80E0005EF18C /* ViewModel */ = {
			isa = PBXGroup;
			children = (
				E2414A3E2B9D84D2008835C2 /* HomeViewModel.swift */,
				E25747012B9E9D0200B5D9D6 /* ChapterDetailsViewModel.swift */,
				E257470D2B9EE19200B5D9D6 /* VersesListViewModel.swift */,
				E257471D2B9EF07800B5D9D6 /* VersePO.swift */,
			);
			path = ViewModel;
			sourceTree = "<group>";
		};
		E22AF6552B9D80F1005EF18C /* Model */ = {
			isa = PBXGroup;
			children = (
				E2414A402B9D87E1008835C2 /* Chapter.swift */,
				E25747032B9E9D8700B5D9D6 /* ChapterDetail.swift */,
				E25747092B9EB3C300B5D9D6 /* ChapterDetailPO.swift */,
				E257470F2B9EE42100B5D9D6 /* Verse.swift */,
			);
			path = Model;
			sourceTree = "<group>";
		};
		E22AF6562B9D8106005EF18C /* ViewController */ = {
			isa = PBXGroup;
			children = (
				E2DC09CD2B9D6745005F42CC /* ViewController.swift */,
				E2574C6C2B9DF48800739351 /* ChapterDetailsViewController.swift */,
				E257470B2B9EE07100B5D9D6 /* VersesListViewController.swift */,
			);
			path = ViewController;
			sourceTree = "<group>";
		};
		E2414A422B9D8C49008835C2 /* Common */ = {
			isa = PBXGroup;
			children = (
				E262319E2BB1BD9800F0014F /* Extentions */,
				E2414A432B9D8C6D008835C2 /* commonFunctions.swift */,
				E2574C6A2B9DDDF600739351 /* Subscript.swift */,
			);
			path = Common;
			sourceTree = "<group>";
		};
		E2414A452B9D91B7008835C2 /* DataMediator */ = {
			isa = PBXGroup;
			children = (
				E2414A462B9D91CF008835C2 /* DataMediator.swift */,
			);
			path = DataMediator;
			sourceTree = "<group>";
		};
		E2574C652B9DD9DF00739351 /* TableViewCells */ = {
			isa = PBXGroup;
			children = (
				E2574C662B9DD9F700739351 /* HomeTableViewCell.swift */,
				E2574C672B9DD9F700739351 /* HomeTableViewCell.xib */,
				E25747052B9EB16600B5D9D6 /* ChapterDeatailHeadingTableViewCell.swift */,
				E25747062B9EB16600B5D9D6 /* ChapterDetailHeadingTableViewCell.xib */,
				E25747112B9EEB6B00B5D9D6 /* VerseHeaderTableViewCell.swift */,
				E25747122B9EEB6B00B5D9D6 /* VerseHeaderTableViewCell.xib */,
				E25747152B9EEB7A00B5D9D6 /* VerseTitleTableViewCell.swift */,
				E25747162B9EEB7A00B5D9D6 /* VerseTitleTableViewCell.xib */,
				E25747192B9EEB8600B5D9D6 /* VerseTableViewCell.swift */,
				E257471A2B9EEB8600B5D9D6 /* VerseTableViewCell.xib */,
			);
			path = TableViewCells;
			sourceTree = "<group>";
		};
		E26231942BB1253500F0014F /* Frameworks */ = {
			isa = PBXGroup;
			children = (
			);
			name = Frameworks;
			sourceTree = "<group>";
		};
		E26231972BB1A29A00F0014F /* Login */ = {
			isa = PBXGroup;
			children = (
				E297A8992BBAAC94004CB892 /* ViewModel */,
				E262319B2BB1A3B900F0014F /* ViewController */,
				E262319A2BB1A2B300F0014F /* View */,
			);
			path = Login;
			sourceTree = "<group>";
		};
		E262319A2BB1A2B300F0014F /* View */ = {
			isa = PBXGroup;
			children = (
				E26231982BB1A2AD00F0014F /* Login.storyboard */,
			);
			path = View;
			sourceTree = "<group>";
		};
		E262319B2BB1A3B900F0014F /* ViewController */ = {
			isa = PBXGroup;
			children = (
				E262319C2BB1A3D600F0014F /* SignUpViewController.swift */,
				E26231A12BB1C57E00F0014F /* LoginViewController.swift */,
			);
			path = ViewController;
			sourceTree = "<group>";
		};
		E262319E2BB1BD9800F0014F /* Extentions */ = {
			isa = PBXGroup;
			children = (
				E262319F2BB1BDB300F0014F /* ViewController+Extention.swift */,
			);
			path = Extentions;
			sourceTree = "<group>";
		};
		E297A8992BBAAC94004CB892 /* ViewModel */ = {
			isa = PBXGroup;
			children = (
				E297A8972BBAAC8C004CB892 /* AuthViewModel.swift */,
			);
			path = ViewModel;
			sourceTree = "<group>";
		};
		E2DC09BD2B9D6744005F42CC = {
			isa = PBXGroup;
			children = (
				E2DC09C82B9D6745005F42CC /* Gita */,
				E2DC09E22B9D6746005F42CC /* GitaTests */,
				E2DC09EC2B9D6746005F42CC /* GitaUITests */,
				E2DC09C72B9D6745005F42CC /* Products */,
				E26231942BB1253500F0014F /* Frameworks */,
			);
			sourceTree = "<group>";
		};
		E2DC09C72B9D6745005F42CC /* Products */ = {
			isa = PBXGroup;
			children = (
				E2DC09C62B9D6745005F42CC /* Gita.app */,
				E2DC09DF2B9D6746005F42CC /* GitaTests.xctest */,
				E2DC09E92B9D6746005F42CC /* GitaUITests.xctest */,
			);
			name = Products;
			sourceTree = "<group>";
		};
		E2DC09C82B9D6745005F42CC /* Gita */ = {
			isa = PBXGroup;
			children = (
				E2FE2DCD2BB96454009501B3 /* Utility */,
				E262318D2BB11F0200F0014F /* GoogleService-Info.plist */,
				E2414A452B9D91B7008835C2 /* DataMediator */,
				E2414A422B9D8C49008835C2 /* Common */,
				E22AF6512B9D80AB005EF18C /* Modules */,
				E2DC09C92B9D6745005F42CC /* AppDelegate.swift */,
				E2DC09CB2B9D6745005F42CC /* SceneDelegate.swift */,
				E2DC09D52B9D6746005F42CC /* Assets.xcassets */,
				E2DC09D72B9D6746005F42CC /* LaunchScreen.storyboard */,
				E2DC09DA2B9D6746005F42CC /* Info.plist */,
				E2DC09D22B9D6745005F42CC /* Gita.xcdatamodeld */,
			);
			path = Gita;
			sourceTree = "<group>";
		};
		E2DC09E22B9D6746005F42CC /* GitaTests */ = {
			isa = PBXGroup;
			children = (
				E2DC09E32B9D6746005F42CC /* GitaTests.swift */,
			);
			path = GitaTests;
			sourceTree = "<group>";
		};
		E2DC09EC2B9D6746005F42CC /* GitaUITests */ = {
			isa = PBXGroup;
			children = (
				E2DC09ED2B9D6746005F42CC /* GitaUITests.swift */,
				E2DC09EF2B9D6746005F42CC /* GitaUITestsLaunchTests.swift */,
			);
			path = GitaUITests;
			sourceTree = "<group>";
		};
		E2FE2DCD2BB96454009501B3 /* Utility */ = {
			isa = PBXGroup;
			children = (
				E2FE2DCE2BB9646C009501B3 /* TextField.swift */,
				E297A8952BBAA1FE004CB892 /* Button.swift */,
			);
			path = Utility;
			sourceTree = "<group>";
		};
/* End PBXGroup section */

/* Begin PBXNativeTarget section */
		E2DC09C52B9D6745005F42CC /* Gita */ = {
			isa = PBXNativeTarget;
			buildConfigurationList = E2DC09F32B9D6746005F42CC /* Build configuration list for PBXNativeTarget "Gita" */;
			buildPhases = (
				E2DC09C22B9D6745005F42CC /* Sources */,
				E2DC09C32B9D6745005F42CC /* Frameworks */,
				E2DC09C42B9D6745005F42CC /* Resources */,
			);
			buildRules = (
			);
			dependencies = (
			);
			name = Gita;
			packageProductDependencies = (
				E26231902BB11FE900F0014F /* FirebaseAnalytics */,
				E26231922BB123D300F0014F /* FirebaseAnalyticsSwift */,
				E26231952BB1253500F0014F /* FirebaseAuth */,
			);
			productName = Gita;
			productReference = E2DC09C62B9D6745005F42CC /* Gita.app */;
			productType = "com.apple.product-type.application";
		};
		E2DC09DE2B9D6746005F42CC /* GitaTests */ = {
			isa = PBXNativeTarget;
			buildConfigurationList = E2DC09F62B9D6746005F42CC /* Build configuration list for PBXNativeTarget "GitaTests" */;
			buildPhases = (
				E2DC09DB2B9D6746005F42CC /* Sources */,
				E2DC09DC2B9D6746005F42CC /* Frameworks */,
				E2DC09DD2B9D6746005F42CC /* Resources */,
			);
			buildRules = (
			);
			dependencies = (
				E2DC09E12B9D6746005F42CC /* PBXTargetDependency */,
			);
			name = GitaTests;
			productName = GitaTests;
			productReference = E2DC09DF2B9D6746005F42CC /* GitaTests.xctest */;
			productType = "com.apple.product-type.bundle.unit-test";
		};
		E2DC09E82B9D6746005F42CC /* GitaUITests */ = {
			isa = PBXNativeTarget;
			buildConfigurationList = E2DC09F92B9D6746005F42CC /* Build configuration list for PBXNativeTarget "GitaUITests" */;
			buildPhases = (
				E2DC09E52B9D6746005F42CC /* Sources */,
				E2DC09E62B9D6746005F42CC /* Frameworks */,
				E2DC09E72B9D6746005F42CC /* Resources */,
			);
			buildRules = (
			);
			dependencies = (
				E2DC09EB2B9D6746005F42CC /* PBXTargetDependency */,
			);
			name = GitaUITests;
			productName = GitaUITests;
			productReference = E2DC09E92B9D6746005F42CC /* GitaUITests.xctest */;
			productType = "com.apple.product-type.bundle.ui-testing";
		};
/* End PBXNativeTarget section */

/* Begin PBXProject section */
		E2DC09BE2B9D6745005F42CC /* Project object */ = {
			isa = PBXProject;
			attributes = {
				BuildIndependentTargetsInParallel = 1;
				LastSwiftUpdateCheck = 1520;
				LastUpgradeCheck = 1520;
				TargetAttributes = {
					E2DC09C52B9D6745005F42CC = {
						CreatedOnToolsVersion = 15.2;
					};
					E2DC09DE2B9D6746005F42CC = {
						CreatedOnToolsVersion = 15.2;
						TestTargetID = E2DC09C52B9D6745005F42CC;
					};
					E2DC09E82B9D6746005F42CC = {
						CreatedOnToolsVersion = 15.2;
						TestTargetID = E2DC09C52B9D6745005F42CC;
					};
				};
			};
			buildConfigurationList = E2DC09C12B9D6745005F42CC /* Build configuration list for PBXProject "Gita" */;
			compatibilityVersion = "Xcode 13.0";
			developmentRegion = en;
			hasScannedForEncodings = 0;
			knownRegions = (
				en,
				Base,
			);
			mainGroup = E2DC09BD2B9D6744005F42CC;
			packageReferences = (
				E262318F2BB11FE900F0014F /* XCRemoteSwiftPackageReference "firebase-ios-sdk" */,
			);
			productRefGroup = E2DC09C72B9D6745005F42CC /* Products */;
			projectDirPath = "";
			projectRoot = "";
			targets = (
				E2DC09C52B9D6745005F42CC /* Gita */,
				E2DC09DE2B9D6746005F42CC /* GitaTests */,
				E2DC09E82B9D6746005F42CC /* GitaUITests */,
			);
		};
/* End PBXProject section */

/* Begin PBXResourcesBuildPhase section */
		E2DC09C42B9D6745005F42CC /* Resources */ = {
			isa = PBXResourcesBuildPhase;
			buildActionMask = 2147483647;
			files = (
				E2DC09D92B9D6746005F42CC /* LaunchScreen.storyboard in Resources */,
				E2DC09D62B9D6746005F42CC /* Assets.xcassets in Resources */,
				E262318E2BB11F0200F0014F /* GoogleService-Info.plist in Resources */,
				E2DC09D12B9D6745005F42CC /* Main.storyboard in Resources */,
				E25747082B9EB16600B5D9D6 /* ChapterDetailHeadingTableViewCell.xib in Resources */,
				E2574C692B9DD9F700739351 /* HomeTableViewCell.xib in Resources */,
				E257471C2B9EEB8600B5D9D6 /* VerseTableViewCell.xib in Resources */,
				E25747182B9EEB7A00B5D9D6 /* VerseTitleTableViewCell.xib in Resources */,
				E26231992BB1A2AD00F0014F /* Login.storyboard in Resources */,
				E25747142B9EEB6B00B5D9D6 /* VerseHeaderTableViewCell.xib in Resources */,
			);
			runOnlyForDeploymentPostprocessing = 0;
		};
		E2DC09DD2B9D6746005F42CC /* Resources */ = {
			isa = PBXResourcesBuildPhase;
			buildActionMask = 2147483647;
			files = (
			);
			runOnlyForDeploymentPostprocessing = 0;
		};
		E2DC09E72B9D6746005F42CC /* Resources */ = {
			isa = PBXResourcesBuildPhase;
			buildActionMask = 2147483647;
			files = (
			);
			runOnlyForDeploymentPostprocessing = 0;
		};
/* End PBXResourcesBuildPhase section */

/* Begin PBXSourcesBuildPhase section */
		E2DC09C22B9D6745005F42CC /* Sources */ = {
			isa = PBXSourcesBuildPhase;
			buildActionMask = 2147483647;
			files = (
				E2DC09CE2B9D6745005F42CC /* ViewController.swift in Sources */,
				E25747022B9E9D0200B5D9D6 /* ChapterDetailsViewModel.swift in Sources */,
				E25747172B9EEB7A00B5D9D6 /* VerseTitleTableViewCell.swift in Sources */,
				E25747132B9EEB6B00B5D9D6 /* VerseHeaderTableViewCell.swift in Sources */,
				E2414A442B9D8C6D008835C2 /* commonFunctions.swift in Sources */,
				E2FE2DCF2BB9646C009501B3 /* TextField.swift in Sources */,
				E297A8982BBAAC8C004CB892 /* AuthViewModel.swift in Sources */,
				E25747102B9EE42100B5D9D6 /* Verse.swift in Sources */,
				E262319D2BB1A3D600F0014F /* SignUpViewController.swift in Sources */,
				E2DC09CA2B9D6745005F42CC /* AppDelegate.swift in Sources */,
				E257470E2B9EE19200B5D9D6 /* VersesListViewModel.swift in Sources */,
				E2574C6B2B9DDDF600739351 /* Subscript.swift in Sources */,
				E2DC09D42B9D6745005F42CC /* Gita.xcdatamodeld in Sources */,
				E25747042B9E9D8700B5D9D6 /* ChapterDetail.swift in Sources */,
				E25747072B9EB16600B5D9D6 /* ChapterDeatailHeadingTableViewCell.swift in Sources */,
				E26231A22BB1C57E00F0014F /* LoginViewController.swift in Sources */,
				E2414A472B9D91CF008835C2 /* DataMediator.swift in Sources */,
				E297A8962BBAA1FE004CB892 /* Button.swift in Sources */,
				E257470A2B9EB3C300B5D9D6 /* ChapterDetailPO.swift in Sources */,
				E2414A412B9D87E1008835C2 /* Chapter.swift in Sources */,
				E2574C682B9DD9F700739351 /* HomeTableViewCell.swift in Sources */,
				E26231A02BB1BDB300F0014F /* ViewController+Extention.swift in Sources */,
				E257470C2B9EE07100B5D9D6 /* VersesListViewController.swift in Sources */,
				E2414A3F2B9D84D2008835C2 /* HomeViewModel.swift in Sources */,
				E2574C6D2B9DF48800739351 /* ChapterDetailsViewController.swift in Sources */,
				E257471B2B9EEB8600B5D9D6 /* VerseTableViewCell.swift in Sources */,
				E257471E2B9EF07800B5D9D6 /* VersePO.swift in Sources */,
				E2DC09CC2B9D6745005F42CC /* SceneDelegate.swift in Sources */,
			);
			runOnlyForDeploymentPostprocessing = 0;
		};
		E2DC09DB2B9D6746005F42CC /* Sources */ = {
			isa = PBXSourcesBuildPhase;
			buildActionMask = 2147483647;
			files = (
				E2DC09E42B9D6746005F42CC /* GitaTests.swift in Sources */,
			);
			runOnlyForDeploymentPostprocessing = 0;
		};
		E2DC09E52B9D6746005F42CC /* Sources */ = {
			isa = PBXSourcesBuildPhase;
			buildActionMask = 2147483647;
			files = (
				E2DC09EE2B9D6746005F42CC /* GitaUITests.swift in Sources */,
				E2DC09F02B9D6746005F42CC /* GitaUITestsLaunchTests.swift in Sources */,
			);
			runOnlyForDeploymentPostprocessing = 0;
		};
/* End PBXSourcesBuildPhase section */

/* Begin PBXTargetDependency section */
		E2DC09E12B9D6746005F42CC /* PBXTargetDependency */ = {
			isa = PBXTargetDependency;
			target = E2DC09C52B9D6745005F42CC /* Gita */;
			targetProxy = E2DC09E02B9D6746005F42CC /* PBXContainerItemProxy */;
		};
		E2DC09EB2B9D6746005F42CC /* PBXTargetDependency */ = {
			isa = PBXTargetDependency;
			target = E2DC09C52B9D6745005F42CC /* Gita */;
			targetProxy = E2DC09EA2B9D6746005F42CC /* PBXContainerItemProxy */;
		};
/* End PBXTargetDependency section */

/* Begin PBXVariantGroup section */
		E2DC09CF2B9D6745005F42CC /* Main.storyboard */ = {
			isa = PBXVariantGroup;
			children = (
				E2DC09D02B9D6745005F42CC /* Base */,
			);
			name = Main.storyboard;
			sourceTree = "<group>";
		};
		E2DC09D72B9D6746005F42CC /* LaunchScreen.storyboard */ = {
			isa = PBXVariantGroup;
			children = (
				E2DC09D82B9D6746005F42CC /* Base */,
			);
			name = LaunchScreen.storyboard;
			sourceTree = "<group>";
		};
/* End PBXVariantGroup section */

/* Begin XCBuildConfiguration section */
		E2DC09F12B9D6746005F42CC /* Debug */ = {
			isa = XCBuildConfiguration;
			buildSettings = {
				ALWAYS_SEARCH_USER_PATHS = NO;
				ASSETCATALOG_COMPILER_GENERATE_SWIFT_ASSET_SYMBOL_EXTENSIONS = YES;
				CLANG_ANALYZER_NONNULL = YES;
				CLANG_ANALYZER_NUMBER_OBJECT_CONVERSION = YES_AGGRESSIVE;
				CLANG_CXX_LANGUAGE_STANDARD = "gnu++20";
				CLANG_ENABLE_MODULES = YES;
				CLANG_ENABLE_OBJC_ARC = YES;
				CLANG_ENABLE_OBJC_WEAK = YES;
				CLANG_WARN_BLOCK_CAPTURE_AUTORELEASING = YES;
				CLANG_WARN_BOOL_CONVERSION = YES;
				CLANG_WARN_COMMA = YES;
				CLANG_WARN_CONSTANT_CONVERSION = YES;
				CLANG_WARN_DEPRECATED_OBJC_IMPLEMENTATIONS = YES;
				CLANG_WARN_DIRECT_OBJC_ISA_USAGE = YES_ERROR;
				CLANG_WARN_DOCUMENTATION_COMMENTS = YES;
				CLANG_WARN_EMPTY_BODY = YES;
				CLANG_WARN_ENUM_CONVERSION = YES;
				CLANG_WARN_INFINITE_RECURSION = YES;
				CLANG_WARN_INT_CONVERSION = YES;
				CLANG_WARN_NON_LITERAL_NULL_CONVERSION = YES;
				CLANG_WARN_OBJC_IMPLICIT_RETAIN_SELF = YES;
				CLANG_WARN_OBJC_LITERAL_CONVERSION = YES;
				CLANG_WARN_OBJC_ROOT_CLASS = YES_ERROR;
				CLANG_WARN_QUOTED_INCLUDE_IN_FRAMEWORK_HEADER = YES;
				CLANG_WARN_RANGE_LOOP_ANALYSIS = YES;
				CLANG_WARN_STRICT_PROTOTYPES = YES;
				CLANG_WARN_SUSPICIOUS_MOVE = YES;
				CLANG_WARN_UNGUARDED_AVAILABILITY = YES_AGGRESSIVE;
				CLANG_WARN_UNREACHABLE_CODE = YES;
				CLANG_WARN__DUPLICATE_METHOD_MATCH = YES;
				COPY_PHASE_STRIP = NO;
				DEBUG_INFORMATION_FORMAT = dwarf;
				ENABLE_STRICT_OBJC_MSGSEND = YES;
				ENABLE_TESTABILITY = YES;
				ENABLE_USER_SCRIPT_SANDBOXING = YES;
				GCC_C_LANGUAGE_STANDARD = gnu17;
				GCC_DYNAMIC_NO_PIC = NO;
				GCC_NO_COMMON_BLOCKS = YES;
				GCC_OPTIMIZATION_LEVEL = 0;
				GCC_PREPROCESSOR_DEFINITIONS = (
					"DEBUG=1",
					"$(inherited)",
				);
				GCC_WARN_64_TO_32_BIT_CONVERSION = YES;
				GCC_WARN_ABOUT_RETURN_TYPE = YES_ERROR;
				GCC_WARN_UNDECLARED_SELECTOR = YES;
				GCC_WARN_UNINITIALIZED_AUTOS = YES_AGGRESSIVE;
				GCC_WARN_UNUSED_FUNCTION = YES;
				GCC_WARN_UNUSED_VARIABLE = YES;
				IPHONEOS_DEPLOYMENT_TARGET = 17.2;
				LOCALIZATION_PREFERS_STRING_CATALOGS = YES;
				MTL_ENABLE_DEBUG_INFO = INCLUDE_SOURCE;
				MTL_FAST_MATH = YES;
				ONLY_ACTIVE_ARCH = YES;
				SDKROOT = iphoneos;
				SWIFT_ACTIVE_COMPILATION_CONDITIONS = "DEBUG $(inherited)";
				SWIFT_OPTIMIZATION_LEVEL = "-Onone";
			};
			name = Debug;
		};
		E2DC09F22B9D6746005F42CC /* Release */ = {
			isa = XCBuildConfiguration;
			buildSettings = {
				ALWAYS_SEARCH_USER_PATHS = NO;
				ASSETCATALOG_COMPILER_GENERATE_SWIFT_ASSET_SYMBOL_EXTENSIONS = YES;
				CLANG_ANALYZER_NONNULL = YES;
				CLANG_ANALYZER_NUMBER_OBJECT_CONVERSION = YES_AGGRESSIVE;
				CLANG_CXX_LANGUAGE_STANDARD = "gnu++20";
				CLANG_ENABLE_MODULES = YES;
				CLANG_ENABLE_OBJC_ARC = YES;
				CLANG_ENABLE_OBJC_WEAK = YES;
				CLANG_WARN_BLOCK_CAPTURE_AUTORELEASING = YES;
				CLANG_WARN_BOOL_CONVERSION = YES;
				CLANG_WARN_COMMA = YES;
				CLANG_WARN_CONSTANT_CONVERSION = YES;
				CLANG_WARN_DEPRECATED_OBJC_IMPLEMENTATIONS = YES;
				CLANG_WARN_DIRECT_OBJC_ISA_USAGE = YES_ERROR;
				CLANG_WARN_DOCUMENTATION_COMMENTS = YES;
				CLANG_WARN_EMPTY_BODY = YES;
				CLANG_WARN_ENUM_CONVERSION = YES;
				CLANG_WARN_INFINITE_RECURSION = YES;
				CLANG_WARN_INT_CONVERSION = YES;
				CLANG_WARN_NON_LITERAL_NULL_CONVERSION = YES;
				CLANG_WARN_OBJC_IMPLICIT_RETAIN_SELF = YES;
				CLANG_WARN_OBJC_LITERAL_CONVERSION = YES;
				CLANG_WARN_OBJC_ROOT_CLASS = YES_ERROR;
				CLANG_WARN_QUOTED_INCLUDE_IN_FRAMEWORK_HEADER = YES;
				CLANG_WARN_RANGE_LOOP_ANALYSIS = YES;
				CLANG_WARN_STRICT_PROTOTYPES = YES;
				CLANG_WARN_SUSPICIOUS_MOVE = YES;
				CLANG_WARN_UNGUARDED_AVAILABILITY = YES_AGGRESSIVE;
				CLANG_WARN_UNREACHABLE_CODE = YES;
				CLANG_WARN__DUPLICATE_METHOD_MATCH = YES;
				COPY_PHASE_STRIP = NO;
				DEBUG_INFORMATION_FORMAT = "dwarf-with-dsym";
				ENABLE_NS_ASSERTIONS = NO;
				ENABLE_STRICT_OBJC_MSGSEND = YES;
				ENABLE_USER_SCRIPT_SANDBOXING = YES;
				GCC_C_LANGUAGE_STANDARD = gnu17;
				GCC_NO_COMMON_BLOCKS = YES;
				GCC_WARN_64_TO_32_BIT_CONVERSION = YES;
				GCC_WARN_ABOUT_RETURN_TYPE = YES_ERROR;
				GCC_WARN_UNDECLARED_SELECTOR = YES;
				GCC_WARN_UNINITIALIZED_AUTOS = YES_AGGRESSIVE;
				GCC_WARN_UNUSED_FUNCTION = YES;
				GCC_WARN_UNUSED_VARIABLE = YES;
				IPHONEOS_DEPLOYMENT_TARGET = 17.2;
				LOCALIZATION_PREFERS_STRING_CATALOGS = YES;
				MTL_ENABLE_DEBUG_INFO = NO;
				MTL_FAST_MATH = YES;
				SDKROOT = iphoneos;
				SWIFT_COMPILATION_MODE = wholemodule;
				VALIDATE_PRODUCT = YES;
			};
			name = Release;
		};
		E2DC09F42B9D6746005F42CC /* Debug */ = {
			isa = XCBuildConfiguration;
			buildSettings = {
				ASSETCATALOG_COMPILER_APPICON_NAME = AppIcon;
				ASSETCATALOG_COMPILER_GLOBAL_ACCENT_COLOR_NAME = AccentColor;
				CODE_SIGN_STYLE = Automatic;
				CURRENT_PROJECT_VERSION = 1;
				GENERATE_INFOPLIST_FILE = YES;
				INFOPLIST_FILE = Gita/Info.plist;
				INFOPLIST_KEY_UIApplicationSupportsIndirectInputEvents = YES;
				INFOPLIST_KEY_UILaunchStoryboardName = LaunchScreen;
				INFOPLIST_KEY_UIMainStoryboardFile = Login;
				INFOPLIST_KEY_UISupportedInterfaceOrientations = UIInterfaceOrientationPortrait;
				IPHONEOS_DEPLOYMENT_TARGET = 15.0;
				LD_RUNPATH_SEARCH_PATHS = (
					"$(inherited)",
					"@executable_path/Frameworks",
				);
				MARKETING_VERSION = 1.0;
				PRODUCT_BUNDLE_IDENTIFIER = demo.Gita;
				PRODUCT_NAME = "$(TARGET_NAME)";
				SWIFT_EMIT_LOC_STRINGS = YES;
				SWIFT_VERSION = 5.0;
				TARGETED_DEVICE_FAMILY = 1;
			};
			name = Debug;
		};
		E2DC09F52B9D6746005F42CC /* Release */ = {
			isa = XCBuildConfiguration;
			buildSettings = {
				ASSETCATALOG_COMPILER_APPICON_NAME = AppIcon;
				ASSETCATALOG_COMPILER_GLOBAL_ACCENT_COLOR_NAME = AccentColor;
				CODE_SIGN_STYLE = Automatic;
				CURRENT_PROJECT_VERSION = 1;
				GENERATE_INFOPLIST_FILE = YES;
				INFOPLIST_FILE = Gita/Info.plist;
				INFOPLIST_KEY_UIApplicationSupportsIndirectInputEvents = YES;
				INFOPLIST_KEY_UILaunchStoryboardName = LaunchScreen;
				INFOPLIST_KEY_UIMainStoryboardFile = Login;
				INFOPLIST_KEY_UISupportedInterfaceOrientations = UIInterfaceOrientationPortrait;
				IPHONEOS_DEPLOYMENT_TARGET = 15.0;
				LD_RUNPATH_SEARCH_PATHS = (
					"$(inherited)",
					"@executable_path/Frameworks",
				);
				MARKETING_VERSION = 1.0;
				PRODUCT_BUNDLE_IDENTIFIER = demo.Gita;
				PRODUCT_NAME = "$(TARGET_NAME)";
				SWIFT_EMIT_LOC_STRINGS = YES;
				SWIFT_VERSION = 5.0;
				TARGETED_DEVICE_FAMILY = 1;
			};
			name = Release;
		};
		E2DC09F72B9D6746005F42CC /* Debug */ = {
			isa = XCBuildConfiguration;
			buildSettings = {
				ALWAYS_EMBED_SWIFT_STANDARD_LIBRARIES = YES;
				BUNDLE_LOADER = "$(TEST_HOST)";
				CODE_SIGN_STYLE = Automatic;
				CURRENT_PROJECT_VERSION = 1;
				GENERATE_INFOPLIST_FILE = YES;
				IPHONEOS_DEPLOYMENT_TARGET = 17.2;
				MARKETING_VERSION = 1.0;
				PRODUCT_BUNDLE_IDENTIFIER = demo.GitaTests;
				PRODUCT_NAME = "$(TARGET_NAME)";
				SWIFT_EMIT_LOC_STRINGS = NO;
				SWIFT_VERSION = 5.0;
				TARGETED_DEVICE_FAMILY = "1,2";
				TEST_HOST = "$(BUILT_PRODUCTS_DIR)/Gita.app/$(BUNDLE_EXECUTABLE_FOLDER_PATH)/Gita";
			};
			name = Debug;
		};
		E2DC09F82B9D6746005F42CC /* Release */ = {
			isa = XCBuildConfiguration;
			buildSettings = {
				ALWAYS_EMBED_SWIFT_STANDARD_LIBRARIES = YES;
				BUNDLE_LOADER = "$(TEST_HOST)";
				CODE_SIGN_STYLE = Automatic;
				CURRENT_PROJECT_VERSION = 1;
				GENERATE_INFOPLIST_FILE = YES;
				IPHONEOS_DEPLOYMENT_TARGET = 17.2;
				MARKETING_VERSION = 1.0;
				PRODUCT_BUNDLE_IDENTIFIER = demo.GitaTests;
				PRODUCT_NAME = "$(TARGET_NAME)";
				SWIFT_EMIT_LOC_STRINGS = NO;
				SWIFT_VERSION = 5.0;
				TARGETED_DEVICE_FAMILY = "1,2";
				TEST_HOST = "$(BUILT_PRODUCTS_DIR)/Gita.app/$(BUNDLE_EXECUTABLE_FOLDER_PATH)/Gita";
			};
			name = Release;
		};
		E2DC09FA2B9D6746005F42CC /* Debug */ = {
			isa = XCBuildConfiguration;
			buildSettings = {
				ALWAYS_EMBED_SWIFT_STANDARD_LIBRARIES = YES;
				CODE_SIGN_STYLE = Automatic;
				CURRENT_PROJECT_VERSION = 1;
				GENERATE_INFOPLIST_FILE = YES;
				MARKETING_VERSION = 1.0;
				PRODUCT_BUNDLE_IDENTIFIER = demo.GitaUITests;
				PRODUCT_NAME = "$(TARGET_NAME)";
				SWIFT_EMIT_LOC_STRINGS = NO;
				SWIFT_VERSION = 5.0;
				TARGETED_DEVICE_FAMILY = "1,2";
				TEST_TARGET_NAME = Gita;
			};
			name = Debug;
		};
		E2DC09FB2B9D6746005F42CC /* Release */ = {
			isa = XCBuildConfiguration;
			buildSettings = {
				ALWAYS_EMBED_SWIFT_STANDARD_LIBRARIES = YES;
				CODE_SIGN_STYLE = Automatic;
				CURRENT_PROJECT_VERSION = 1;
				GENERATE_INFOPLIST_FILE = YES;
				MARKETING_VERSION = 1.0;
				PRODUCT_BUNDLE_IDENTIFIER = demo.GitaUITests;
				PRODUCT_NAME = "$(TARGET_NAME)";
				SWIFT_EMIT_LOC_STRINGS = NO;
				SWIFT_VERSION = 5.0;
				TARGETED_DEVICE_FAMILY = "1,2";
				TEST_TARGET_NAME = Gita;
			};
			name = Release;
		};
/* End XCBuildConfiguration section */

/* Begin XCConfigurationList section */
		E2DC09C12B9D6745005F42CC /* Build configuration list for PBXProject "Gita" */ = {
			isa = XCConfigurationList;
			buildConfigurations = (
				E2DC09F12B9D6746005F42CC /* Debug */,
				E2DC09F22B9D6746005F42CC /* Release */,
			);
			defaultConfigurationIsVisible = 0;
			defaultConfigurationName = Release;
		};
		E2DC09F32B9D6746005F42CC /* Build configuration list for PBXNativeTarget "Gita" */ = {
			isa = XCConfigurationList;
			buildConfigurations = (
				E2DC09F42B9D6746005F42CC /* Debug */,
				E2DC09F52B9D6746005F42CC /* Release */,
			);
			defaultConfigurationIsVisible = 0;
			defaultConfigurationName = Release;
		};
		E2DC09F62B9D6746005F42CC /* Build configuration list for PBXNativeTarget "GitaTests" */ = {
			isa = XCConfigurationList;
			buildConfigurations = (
				E2DC09F72B9D6746005F42CC /* Debug */,
				E2DC09F82B9D6746005F42CC /* Release */,
			);
			defaultConfigurationIsVisible = 0;
			defaultConfigurationName = Release;
		};
		E2DC09F92B9D6746005F42CC /* Build configuration list for PBXNativeTarget "GitaUITests" */ = {
			isa = XCConfigurationList;
			buildConfigurations = (
				E2DC09FA2B9D6746005F42CC /* Debug */,
				E2DC09FB2B9D6746005F42CC /* Release */,
			);
			defaultConfigurationIsVisible = 0;
			defaultConfigurationName = Release;
		};
/* End XCConfigurationList section */

/* Begin XCRemoteSwiftPackageReference section */
		E262318F2BB11FE900F0014F /* XCRemoteSwiftPackageReference "firebase-ios-sdk" */ = {
			isa = XCRemoteSwiftPackageReference;
			repositoryURL = "https://github.com/firebase/firebase-ios-sdk";
			requirement = {
				kind = upToNextMajorVersion;
				minimumVersion = 10.23.0;
			};
		};
/* End XCRemoteSwiftPackageReference section */

/* Begin XCSwiftPackageProductDependency section */
		E26231902BB11FE900F0014F /* FirebaseAnalytics */ = {
			isa = XCSwiftPackageProductDependency;
			package = E262318F2BB11FE900F0014F /* XCRemoteSwiftPackageReference "firebase-ios-sdk" */;
			productName = FirebaseAnalytics;
		};
		E26231922BB123D300F0014F /* FirebaseAnalyticsSwift */ = {
			isa = XCSwiftPackageProductDependency;
			package = E262318F2BB11FE900F0014F /* XCRemoteSwiftPackageReference "firebase-ios-sdk" */;
			productName = FirebaseAnalyticsSwift;
		};
		E26231952BB1253500F0014F /* FirebaseAuth */ = {
			isa = XCSwiftPackageProductDependency;
			package = E262318F2BB11FE900F0014F /* XCRemoteSwiftPackageReference "firebase-ios-sdk" */;
			productName = FirebaseAuth;
		};
/* End XCSwiftPackageProductDependency section */

/* Begin XCVersionGroup section */
		E2DC09D22B9D6745005F42CC /* Gita.xcdatamodeld */ = {
			isa = XCVersionGroup;
			children = (
				E2DC09D32B9D6745005F42CC /* Gita.xcdatamodel */,
			);
			currentVersion = E2DC09D32B9D6745005F42CC /* Gita.xcdatamodel */;
			path = Gita.xcdatamodeld;
			sourceTree = "<group>";
			versionGroupType = wrapper.xcdatamodel;
		};
/* End XCVersionGroup section */
	};
	rootObject = E2DC09BE2B9D6745005F42CC /* Project object */;
}
